
Microsoft Visual Studio Solution File, Format Version 12.00
# Visual Studio 15
VisualStudioVersion = 15.0.28307.329
MinimumVisualStudioVersion = 10.0.40219.1
Project("{FAE04EC0-301F-11D3-BF4B-00C04F79EFBC}") = "EXO_CommandePizza", "EXO_CommandePizza\EXO_CommandePizza.csproj", "{8424E7CF-2C34-4FD7-9AD2-33C154A55462}"
EndProject
Global
	GlobalSection(SolutionConfigurationPlatforms) = preSolution
		Debug|Any CPU = Debug|Any CPU
		Release|Any CPU = Release|Any CPU
	EndGlobalSection
	GlobalSection(ProjectConfigurationPlatforms) = postSolution
		{8424E7CF-2C34-4FD7-9AD2-33C154A55462}.Debug|Any CPU.ActiveCfg = Debug|Any CPU
		{8424E7CF-2C34-4FD7-9AD2-33C154A55462}.Debug|Any CPU.Build.0 = Debug|Any CPU
		{8424E7CF-2C34-4FD7-9AD2-33C154A55462}.Release|Any CPU.ActiveCfg = Release|Any CPU
		{8424E7CF-2C34-4FD7-9AD2-33C154A55462}.Release|Any CPU.Build.0 = Release|Any CPU
	EndGlobalSection
	GlobalSection(SolutionProperties) = preSolution
		HideSolutionNode = FALSE
	EndGlobalSection
	GlobalSection(ExtensibilityGlobals) = postSolution
		SolutionGuid = {FA566A20-BE1B-4FF5-AA54-B78AF135B459}
	EndGlobalSection
EndGlobal
